
Microsoft Visual Studio Solution File, Format Version 11.00
# Visual Studio 2010
Project("{F184B08F-C81C-45F6-A57F-5ABD9991F28F}") = "ProductApp", "ProductApp\ProductApp.vbproj", "{CC4AC7B6-C7FC-427E-B984-BAC7853CF615}"
EndProject
Project("{FAE04EC0-301F-11D3-BF4B-00C04F79EFBC}") = "ProductSvr", "ProductService\ProductSvr.csproj", "{E9C72609-B2B0-4A56-9804-698033A4B93E}"
EndProject
Project("{2150E333-8FDC-42A3-9474-1A3956D46DE8}") = "Solution Items", "Solution Items", "{6481870B-224A-48F6-85FC-4D408D3FF41F}"
	ProjectSection(SolutionItems) = preProject
		Local.testsettings = Local.testsettings
		ProductProject.vsmdi = ProductProject.vsmdi
		TraceAndTestImpact.testsettings = TraceAndTestImpact.testsettings
	EndProjectSection
EndProject
Project("{F184B08F-C81C-45F6-A57F-5ABD9991F28F}") = "HmisServer", "HmisServer\HmisServer.vbproj", "{A23CAC82-7750-4CEB-AAB0-B100657306D0}"
EndProject
Project("{F184B08F-C81C-45F6-A57F-5ABD9991F28F}") = "HmisStart", "HmisStart\HmisStart.vbproj", "{497F60AB-0FBA-4EC5-B59E-B8EC3A604578}"
EndProject
Global
	GlobalSection(TestCaseManagementSettings) = postSolution
		CategoryFile = ProductProject.vsmdi
	EndGlobalSection
	GlobalSection(SolutionConfigurationPlatforms) = preSolution
		Debug|Any CPU = Debug|Any CPU
		Debug|Mixed Platforms = Debug|Mixed Platforms
		Debug|x86 = Debug|x86
		Release|Any CPU = Release|Any CPU
		Release|Mixed Platforms = Release|Mixed Platforms
		Release|x86 = Release|x86
	EndGlobalSection
	GlobalSection(ProjectConfigurationPlatforms) = postSolution
		{CC4AC7B6-C7FC-427E-B984-BAC7853CF615}.Debug|Any CPU.ActiveCfg = Debug|x86
		{CC4AC7B6-C7FC-427E-B984-BAC7853CF615}.Debug|Mixed Platforms.ActiveCfg = Debug|x86
		{CC4AC7B6-C7FC-427E-B984-BAC7853CF615}.Debug|Mixed Platforms.Build.0 = Debug|x86
		{CC4AC7B6-C7FC-427E-B984-BAC7853CF615}.Debug|x86.ActiveCfg = Debug|x86
		{CC4AC7B6-C7FC-427E-B984-BAC7853CF615}.Debug|x86.Build.0 = Debug|x86
		{CC4AC7B6-C7FC-427E-B984-BAC7853CF615}.Release|Any CPU.ActiveCfg = Release|x86
		{CC4AC7B6-C7FC-427E-B984-BAC7853CF615}.Release|Mixed Platforms.ActiveCfg = Release|x86
		{CC4AC7B6-C7FC-427E-B984-BAC7853CF615}.Release|Mixed Platforms.Build.0 = Release|x86
		{CC4AC7B6-C7FC-427E-B984-BAC7853CF615}.Release|x86.ActiveCfg = Release|x86
		{CC4AC7B6-C7FC-427E-B984-BAC7853CF615}.Release|x86.Build.0 = Release|x86
		{E9C72609-B2B0-4A56-9804-698033A4B93E}.Debug|Any CPU.ActiveCfg = Debug|Any CPU
		{E9C72609-B2B0-4A56-9804-698033A4B93E}.Debug|Any CPU.Build.0 = Debug|Any CPU
		{E9C72609-B2B0-4A56-9804-698033A4B93E}.Debug|Mixed Platforms.ActiveCfg = Debug|Any CPU
		{E9C72609-B2B0-4A56-9804-698033A4B93E}.Debug|Mixed Platforms.Build.0 = Debug|Any CPU
		{E9C72609-B2B0-4A56-9804-698033A4B93E}.Debug|x86.ActiveCfg = Debug|Any CPU
		{E9C72609-B2B0-4A56-9804-698033A4B93E}.Release|Any CPU.ActiveCfg = Release|Any CPU
		{E9C72609-B2B0-4A56-9804-698033A4B93E}.Release|Any CPU.Build.0 = Release|Any CPU
		{E9C72609-B2B0-4A56-9804-698033A4B93E}.Release|Mixed Platforms.ActiveCfg = Release|Any CPU
		{E9C72609-B2B0-4A56-9804-698033A4B93E}.Release|Mixed Platforms.Build.0 = Release|Any CPU
		{E9C72609-B2B0-4A56-9804-698033A4B93E}.Release|x86.ActiveCfg = Release|Any CPU
		{A23CAC82-7750-4CEB-AAB0-B100657306D0}.Debug|Any CPU.ActiveCfg = Debug|x86
		{A23CAC82-7750-4CEB-AAB0-B100657306D0}.Debug|Mixed Platforms.ActiveCfg = Debug|x86
		{A23CAC82-7750-4CEB-AAB0-B100657306D0}.Debug|Mixed Platforms.Build.0 = Debug|x86
		{A23CAC82-7750-4CEB-AAB0-B100657306D0}.Debug|x86.ActiveCfg = Debug|x86
		{A23CAC82-7750-4CEB-AAB0-B100657306D0}.Debug|x86.Build.0 = Debug|x86
		{A23CAC82-7750-4CEB-AAB0-B100657306D0}.Release|Any CPU.ActiveCfg = Release|x86
		{A23CAC82-7750-4CEB-AAB0-B100657306D0}.Release|Mixed Platforms.ActiveCfg = Release|x86
		{A23CAC82-7750-4CEB-AAB0-B100657306D0}.Release|Mixed Platforms.Build.0 = Release|x86
		{A23CAC82-7750-4CEB-AAB0-B100657306D0}.Release|x86.ActiveCfg = Release|x86
		{A23CAC82-7750-4CEB-AAB0-B100657306D0}.Release|x86.Build.0 = Release|x86
		{497F60AB-0FBA-4EC5-B59E-B8EC3A604578}.Debug|Any CPU.ActiveCfg = Debug|x86
		{497F60AB-0FBA-4EC5-B59E-B8EC3A604578}.Debug|Mixed Platforms.ActiveCfg = Debug|x86
		{497F60AB-0FBA-4EC5-B59E-B8EC3A604578}.Debug|Mixed Platforms.Build.0 = Debug|x86
		{497F60AB-0FBA-4EC5-B59E-B8EC3A604578}.Debug|x86.ActiveCfg = Debug|x86
		{497F60AB-0FBA-4EC5-B59E-B8EC3A604578}.Debug|x86.Build.0 = Debug|x86
		{497F60AB-0FBA-4EC5-B59E-B8EC3A604578}.Release|Any CPU.ActiveCfg = Release|x86
		{497F60AB-0FBA-4EC5-B59E-B8EC3A604578}.Release|Mixed Platforms.ActiveCfg = Release|x86
		{497F60AB-0FBA-4EC5-B59E-B8EC3A604578}.Release|Mixed Platforms.Build.0 = Release|x86
		{497F60AB-0FBA-4EC5-B59E-B8EC3A604578}.Release|x86.ActiveCfg = Release|x86
		{497F60AB-0FBA-4EC5-B59E-B8EC3A604578}.Release|x86.Build.0 = Release|x86
	EndGlobalSection
	GlobalSection(SolutionProperties) = preSolution
		HideSolutionNode = FALSE
	EndGlobalSection
EndGlobal
